
Microsoft Visual Studio Solution File, Format Version 12.00
# Visual Studio Version 17
VisualStudioVersion = 17.7.34031.279
MinimumVisualStudioVersion = 10.0.40219.1
Project("{FAE04EC0-301F-11D3-BF4B-00C04F79EFBC}") = "WpfMyShop", "WpfMyShop\WpfMyShop.csproj", "{A0857DF0-B40F-4FB6-8921-1326233BBF30}"
EndProject
Global
	GlobalSection(SolutionConfigurationPlatforms) = preSolution
		Debug|Any CPU = Debug|Any CPU
		Release|Any CPU = Release|Any CPU
	EndGlobalSection
	GlobalSection(ProjectConfigurationPlatforms) = postSolution
		{A0857DF0-B40F-4FB6-8921-1326233BBF30}.Debug|Any CPU.ActiveCfg = Debug|Any CPU
		{A0857DF0-B40F-4FB6-8921-1326233BBF30}.Debug|Any CPU.Build.0 = Debug|Any CPU
		{A0857DF0-B40F-4FB6-8921-1326233BBF30}.Release|Any CPU.ActiveCfg = Release|Any CPU
		{A0857DF0-B40F-4FB6-8921-1326233BBF30}.Release|Any CPU.Build.0 = Release|Any CPU
	EndGlobalSection
	GlobalSection(SolutionProperties) = preSolution
		HideSolutionNode = FALSE
	EndGlobalSection
	GlobalSection(ExtensibilityGlobals) = postSolution
		SolutionGuid = {C1848593-68EC-416A-B2EA-64C01ED25B23}
	EndGlobalSection
EndGlobal
